
Microsoft Visual Studio Solution File, Format Version 12.00
# Visual Studio 15
VisualStudioVersion = 15.0.28307.329
MinimumVisualStudioVersion = 10.0.40219.1
Project("{FAE04EC0-301F-11D3-BF4B-00C04F79EFBC}") = "App.Data", "App.Data\App.Data.csproj", "{A6F99279-7078-4401-B93C-C2D741268F1E}"
EndProject
Project("{FAE04EC0-301F-11D3-BF4B-00C04F79EFBC}") = "App.DataUnitTest", "App.DataUnitTest\App.DataUnitTest.csproj", "{7B4DD18B-C5BA-4024-B46E-DDEC40AACBD8}"
EndProject
Global
	GlobalSection(SolutionConfigurationPlatforms) = preSolution
		Debug|Any CPU = Debug|Any CPU
		Release|Any CPU = Release|Any CPU
	EndGlobalSection
	GlobalSection(ProjectConfigurationPlatforms) = postSolution
		{A6F99279-7078-4401-B93C-C2D741268F1E}.Debug|Any CPU.ActiveCfg = Debug|Any CPU
		{A6F99279-7078-4401-B93C-C2D741268F1E}.Debug|Any CPU.Build.0 = Debug|Any CPU
		{A6F99279-7078-4401-B93C-C2D741268F1E}.Release|Any CPU.ActiveCfg = Release|Any CPU
		{A6F99279-7078-4401-B93C-C2D741268F1E}.Release|Any CPU.Build.0 = Release|Any CPU
		{7B4DD18B-C5BA-4024-B46E-DDEC40AACBD8}.Debug|Any CPU.ActiveCfg = Debug|Any CPU
		{7B4DD18B-C5BA-4024-B46E-DDEC40AACBD8}.Debug|Any CPU.Build.0 = Debug|Any CPU
		{7B4DD18B-C5BA-4024-B46E-DDEC40AACBD8}.Release|Any CPU.ActiveCfg = Release|Any CPU
		{7B4DD18B-C5BA-4024-B46E-DDEC40AACBD8}.Release|Any CPU.Build.0 = Release|Any CPU
	EndGlobalSection
	GlobalSection(SolutionProperties) = preSolution
		HideSolutionNode = FALSE
	EndGlobalSection
	GlobalSection(ExtensibilityGlobals) = postSolution
		SolutionGuid = {C29A74A8-E70E-46C7-A9F4-3788B72B43FE}
	EndGlobalSection
EndGlobal
